
Microsoft Visual Studio Solution File, Format Version 12.00
Project("{2150E333-8FDC-42A3-9474-1A3956D46DE8}") = "src", "src", "{F2A7CB3D-C07B-4B85-BFE8-A3306A0D1F7C}"
EndProject
Project("{2150E333-8FDC-42A3-9474-1A3956D46DE8}") = "common", "common", "{9C19EF91-B023-4796-A7DF-F6AB09A375D5}"
ProjectSection(SolutionItems) = preProject
	README.md = README.md
	.editorconfig = .editorconfig
EndProjectSection
EndProject
Project("{2150E333-8FDC-42A3-9474-1A3956D46DE8}") = "deploy", "deploy", "{F5C4AEB0-A311-4F73-B14A-386B48C0D659}"
ProjectSection(SolutionItems) = preProject
	docker-compose.yml = docker-compose.yml
EndProjectSection
EndProject
Project("{FAE04EC0-301F-11D3-BF4B-00C04F79EFBC}") = "OzonEdu.Merchandise", "src\OzonEdu.Merchandise\OzonEdu.Merchandise.csproj", "{BEB2FE4A-DE16-409B-9316-A48056469368}"
EndProject
Project("{2150E333-8FDC-42A3-9474-1A3956D46DE8}") = "tests", "tests", "{F823F655-B799-4999-98DC-B7638AE9BAA7}"
EndProject
Project("{FAE04EC0-301F-11D3-BF4B-00C04F79EFBC}") = "OzonEdu.Merchandise.HttpClients", "src\OzonEdu.Merchandise.HttpClients\OzonEdu.Merchandise.HttpClients.csproj", "{FC7A1B22-51EB-47B8-B423-88888F1FB68D}"
EndProject
Project("{FAE04EC0-301F-11D3-BF4B-00C04F79EFBC}") = "OzonEdu.Merchandise.Grpc", "src\OzonEdu.Merchandise.Grpc\OzonEdu.Merchandise.Grpc.csproj", "{3458C36F-A15C-41FC-86E4-9EB305ADEF0C}"
EndProject
Project("{FAE04EC0-301F-11D3-BF4B-00C04F79EFBC}") = "OzonEdu.Merchandise.HttpModels", "src\OzonEdu.Merchandise.HttpModels\OzonEdu.Merchandise.HttpModels.csproj", "{5E45B3AF-3185-4E14-B8F6-D37E9DDD5332}"
EndProject
Project("{FAE04EC0-301F-11D3-BF4B-00C04F79EFBC}") = "OzonEdu.Merchandise.Domain.Tests", "tests\OzonEdu.Merchandise.Domain.Tests\OzonEdu.Merchandise.Domain.Tests.csproj", "{C0E7016B-3DD5-48EF-9F25-9374A0FC98FB}"
EndProject
Project("{FAE04EC0-301F-11D3-BF4B-00C04F79EFBC}") = "OzonEdu.Merchandise.Domain", "src\OzonEdu.Merchandise.Domain\OzonEdu.Merchandise.Domain.csproj", "{7070C2F9-4A99-44DA-B4AB-588085EE88BB}"
EndProject
Global
	GlobalSection(SolutionConfigurationPlatforms) = preSolution
		Debug|Any CPU = Debug|Any CPU
		Release|Any CPU = Release|Any CPU
	EndGlobalSection
	GlobalSection(NestedProjects) = preSolution
		{BEB2FE4A-DE16-409B-9316-A48056469368} = {F2A7CB3D-C07B-4B85-BFE8-A3306A0D1F7C}
		{FC7A1B22-51EB-47B8-B423-88888F1FB68D} = {F2A7CB3D-C07B-4B85-BFE8-A3306A0D1F7C}
		{3458C36F-A15C-41FC-86E4-9EB305ADEF0C} = {F2A7CB3D-C07B-4B85-BFE8-A3306A0D1F7C}
		{5E45B3AF-3185-4E14-B8F6-D37E9DDD5332} = {F2A7CB3D-C07B-4B85-BFE8-A3306A0D1F7C}
		{C0E7016B-3DD5-48EF-9F25-9374A0FC98FB} = {F823F655-B799-4999-98DC-B7638AE9BAA7}
		{7070C2F9-4A99-44DA-B4AB-588085EE88BB} = {F2A7CB3D-C07B-4B85-BFE8-A3306A0D1F7C}
	EndGlobalSection
	GlobalSection(ProjectConfigurationPlatforms) = postSolution
		{BEB2FE4A-DE16-409B-9316-A48056469368}.Debug|Any CPU.ActiveCfg = Debug|Any CPU
		{BEB2FE4A-DE16-409B-9316-A48056469368}.Debug|Any CPU.Build.0 = Debug|Any CPU
		{BEB2FE4A-DE16-409B-9316-A48056469368}.Release|Any CPU.ActiveCfg = Release|Any CPU
		{BEB2FE4A-DE16-409B-9316-A48056469368}.Release|Any CPU.Build.0 = Release|Any CPU
		{FC7A1B22-51EB-47B8-B423-88888F1FB68D}.Debug|Any CPU.ActiveCfg = Debug|Any CPU
		{FC7A1B22-51EB-47B8-B423-88888F1FB68D}.Debug|Any CPU.Build.0 = Debug|Any CPU
		{FC7A1B22-51EB-47B8-B423-88888F1FB68D}.Release|Any CPU.ActiveCfg = Release|Any CPU
		{FC7A1B22-51EB-47B8-B423-88888F1FB68D}.Release|Any CPU.Build.0 = Release|Any CPU
		{3458C36F-A15C-41FC-86E4-9EB305ADEF0C}.Debug|Any CPU.ActiveCfg = Debug|Any CPU
		{3458C36F-A15C-41FC-86E4-9EB305ADEF0C}.Debug|Any CPU.Build.0 = Debug|Any CPU
		{3458C36F-A15C-41FC-86E4-9EB305ADEF0C}.Release|Any CPU.ActiveCfg = Release|Any CPU
		{3458C36F-A15C-41FC-86E4-9EB305ADEF0C}.Release|Any CPU.Build.0 = Release|Any CPU
		{5E45B3AF-3185-4E14-B8F6-D37E9DDD5332}.Debug|Any CPU.ActiveCfg = Debug|Any CPU
		{5E45B3AF-3185-4E14-B8F6-D37E9DDD5332}.Debug|Any CPU.Build.0 = Debug|Any CPU
		{5E45B3AF-3185-4E14-B8F6-D37E9DDD5332}.Release|Any CPU.ActiveCfg = Release|Any CPU
		{5E45B3AF-3185-4E14-B8F6-D37E9DDD5332}.Release|Any CPU.Build.0 = Release|Any CPU
		{C0E7016B-3DD5-48EF-9F25-9374A0FC98FB}.Debug|Any CPU.ActiveCfg = Debug|Any CPU
		{C0E7016B-3DD5-48EF-9F25-9374A0FC98FB}.Debug|Any CPU.Build.0 = Debug|Any CPU
		{C0E7016B-3DD5-48EF-9F25-9374A0FC98FB}.Release|Any CPU.ActiveCfg = Release|Any CPU
		{C0E7016B-3DD5-48EF-9F25-9374A0FC98FB}.Release|Any CPU.Build.0 = Release|Any CPU
		{7070C2F9-4A99-44DA-B4AB-588085EE88BB}.Debug|Any CPU.ActiveCfg = Debug|Any CPU
		{7070C2F9-4A99-44DA-B4AB-588085EE88BB}.Debug|Any CPU.Build.0 = Debug|Any CPU
		{7070C2F9-4A99-44DA-B4AB-588085EE88BB}.Release|Any CPU.ActiveCfg = Release|Any CPU
		{7070C2F9-4A99-44DA-B4AB-588085EE88BB}.Release|Any CPU.Build.0 = Release|Any CPU
	EndGlobalSection
EndGlobal
